// !$*UTF8*$!
{
	archiveVersion = 1;
	classes = {
	};
	objectVersion = 50;
	objects = {

/* Begin PBXBuildFile section */
		3189F9F6214303F400B76FE3 /* AppDelegate.swift in Sources */ = {isa = PBXBuildFile; fileRef = 3189F9F5214303F400B76FE3 /* AppDelegate.swift */; };
		3189F9F8214303F400B76FE3 /* ViewController.swift in Sources */ = {isa = PBXBuildFile; fileRef = 3189F9F7214303F400B76FE3 /* ViewController.swift */; };
		3189F9FB214303F400B76FE3 /* Main.storyboard in Resources */ = {isa = PBXBuildFile; fileRef = 3189F9F9214303F400B76FE3 /* Main.storyboard */; };
		3189F9FD214303F600B76FE3 /* Assets.xcassets in Resources */ = {isa = PBXBuildFile; fileRef = 3189F9FC214303F600B76FE3 /* Assets.xcassets */; };
		3189FA00214303F600B76FE3 /* LaunchScreen.storyboard in Resources */ = {isa = PBXBuildFile; fileRef = 3189F9FE214303F600B76FE3 /* LaunchScreen.storyboard */; };
		31A504112149AB570041CAC0 /* images.jpeg in Resources */ = {isa = PBXBuildFile; fileRef = 31A504102149AB570041CAC0 /* images.jpeg */; };
/* End PBXBuildFile section */

/* Begin PBXFileReference section */
		3189F9F2214303F400B76FE3 /* gethub.app */ = {isa = PBXFileReference; explicitFileType = wrapper.application; includeInIndex = 0; path = gethub.app; sourceTree = BUILT_PRODUCTS_DIR; };
		3189F9F5214303F400B76FE3 /* AppDelegate.swift */ = {isa = PBXFileReference; lastKnownFileType = sourcecode.swift; path = AppDelegate.swift; sourceTree = "<group>"; };
		3189F9F7214303F400B76FE3 /* ViewController.swift */ = {isa = PBXFileReference; lastKnownFileType = sourcecode.swift; path = ViewController.swift; sourceTree = "<group>"; };
		3189F9FA214303F400B76FE3 /* Base */ = {isa = PBXFileReference; lastKnownFileType = file.storyboard; name = Base; path = Base.lproj/Main.storyboard; sourceTree = "<group>"; };
		3189F9FC214303F600B76FE3 /* Assets.xcassets */ = {isa = PBXFileReference; lastKnownFileType = folder.assetcatalog; path = Assets.xcassets; sourceTree = "<group>"; };
		3189F9FF214303F600B76FE3 /* Base */ = {isa = PBXFileReference; lastKnownFileType = file.storyboard; name = Base; path = Base.lproj/LaunchScreen.storyboard; sourceTree = "<group>"; };
		3189FA01214303F600B76FE3 /* Info.plist */ = {isa = PBXFileReference; lastKnownFileType = text.plist.xml; path = Info.plist; sourceTree = "<group>"; };
		31A504102149AB570041CAC0 /* images.jpeg */ = {isa = PBXFileReference; lastKnownFileType = image.jpeg; path = images.jpeg; sourceTree = "<group>"; };
/* End PBXFileReference section */

/* Begin PBXFrameworksBuildPhase section */
		3189F9EF214303F400B76FE3 /* Frameworks */ = {
			isa = PBXFrameworksBuildPhase;
			buildActionMask = 2147483647;
			files = (
			);
			runOnlyForDeploymentPostprocessing = 0;
		};
/* End PBXFrameworksBuildPhase section */

/* Begin PBXGroup section */
		3189F9E9214303F400B76FE3 = {
			isa = PBXGroup;
			children = (
				3189F9F4214303F400B76FE3 /* gethub */,
				3189F9F3214303F400B76FE3 /* Products */,
			);
			sourceTree = "<group>";
		};
		3189F9F3214303F400B76FE3 /* Products */ = {
			isa = PBXGroup;
			children = (
				3189F9F2214303F400B76FE3 /* gethub.app */,
			);
			name = Products;
			sourceTree = "<group>";
		};
		3189F9F4214303F400B76FE3 /* gethub */ = {
			isa = PBXGroup;
			children = (
				3189F9F5214303F400B76FE3 /* AppDelegate.swift */,
				3189F9F7214303F400B76FE3 /* ViewController.swift */,
				3189F9F9214303F400B76FE3 /* Main.storyboard */,
				3189F9FC214303F600B76FE3 /* Assets.xcassets */,
				3189F9FE214303F600B76FE3 /* LaunchScreen.storyboard */,
				3189FA01214303F600B76FE3 /* Info.plist */,
				31A504102149AB570041CAC0 /* images.jpeg */,
			);
			path = gethub;
			sourceTree = "<group>";
		};
/* End PBXGroup section */

/* Begin PBXNativeTarget section */
		3189F9F1214303F400B76FE3 /* gethub */ = {
			isa = PBXNativeTarget;
			buildConfigurationList = 3189FA04214303F600B76FE3 /* Build configuration list for PBXNativeTarget "gethub" */;
			buildPhases = (
				3189F9EE214303F400B76FE3 /* Sources */,
				3189F9EF214303F400B76FE3 /* Frameworks */,
				3189F9F0214303F400B76FE3 /* Resources */,
			);
			buildRules = (
			);
			dependencies = (
			);
			name = gethub;
			productName = gethub;
			productReference = 3189F9F2214303F400B76FE3 /* gethub.app */;
			productType = "com.apple.product-type.application";
		};
/* End PBXNativeTarget section */

/* Begin PBXProject section */
		3189F9EA214303F400B76FE3 /* Project object */ = {
			isa = PBXProject;
			attributes = {
				LastSwiftUpdateCheck = 0940;
				LastUpgradeCheck = 0940;
				ORGANIZATIONNAME = "Noah Martineau Raymundo";
				TargetAttributes = {
					3189F9F1214303F400B76FE3 = {
						CreatedOnToolsVersion = 9.4.1;
					};
				};
			};
			buildConfigurationList = 3189F9ED214303F400B76FE3 /* Build configuration list for PBXProject "gethub" */;
			compatibilityVersion = "Xcode 9.3";
			developmentRegion = en;
			hasScannedForEncodings = 0;
			knownRegions = (
				en,
				Base,
			);
			mainGroup = 3189F9E9214303F400B76FE3;
			productRefGroup = 3189F9F3214303F400B76FE3 /* Products */;
			projectDirPath = "";
			projectRoot = "";
			targets = (
				3189F9F1214303F400B76FE3 /* gethub */,
			);
		};
/* End PBXProject section */

/* Begin PBXResourcesBuildPhase section */
		3189F9F0214303F400B76FE3 /* Resources */ = {
			isa = PBXResourcesBuildPhase;
			buildActionMask = 2147483647;
			files = (
				3189FA00214303F600B76FE3 /* LaunchScreen.storyboard in Resources */,
				31A504112149AB570041CAC0 /* images.jpeg in Resources */,
				3189F9FD214303F600B76FE3 /* Assets.xcassets in Resources */,
				3189F9FB214303F400B76FE3 /* Main.storyboard in Resources */,
			);
			runOnlyForDeploymentPostprocessing = 0;
		};
/* End PBXResourcesBuildPhase section */

/* Begin PBXSourcesBuildPhase section */
		3189F9EE214303F400B76FE3 /* Sources */ = {
			isa = PBXSourcesBuildPhase;
			buildActionMask = 2147483647;
			files = (
				3189F9F8214303F400B76FE3 /* ViewController.swift in Sources */,
				3189F9F6214303F400B76FE3 /* AppDelegate.swift in Sources */,
			);
			runOnlyForDeploymentPostprocessing = 0;
		};
/* End PBXSourcesBuildPhase section */

/* Begin PBXVariantGroup section */
		3189F9F9214303F400B76FE3 /* Main.storyboard */ = {
			isa = PBXVariantGroup;
			children = (
				3189F9FA214303F400B76FE3 /* Base */,
			);
			name = Main.storyboard;
			sourceTree = "<group>";
		};
		3189F9FE214303F600B76FE3 /* LaunchScreen.storyboard */ = {
			isa = PBXVariantGroup;
			children = (
				3189F9FF214303F600B76FE3 /* Base */,
			);
			name = LaunchScreen.storyboard;
			sourceTree = "<group>";
		};
/* End PBXVariantGroup section */

/* Begin XCBuildConfiguration section */
		3189FA02214303F600B76FE3 /* Debug */ = {
			isa = XCBuildConfiguration;
			buildSettings = {
				ALWAYS_SEARCH_USER_PATHS = NO;
				CLANG_ANALYZER_NONNULL = YES;
				CLANG_ANALYZER_NUMBER_OBJECT_CONVERSION = YES_AGGRESSIVE;
				CLANG_CXX_LANGUAGE_STANDARD = "gnu++14";
				CLANG_CXX_LIBRARY = "libc++";
				CLANG_ENABLE_MODULES = YES;
				CLANG_ENABLE_OBJC_ARC = YES;
				CLANG_ENABLE_OBJC_WEAK = YES;
				CLANG_WARN_BLOCK_CAPTURE_AUTORELEASING = YES;
				CLANG_WARN_BOOL_CONVERSION = YES;
				CLANG_WARN_COMMA = YES;
				CLANG_WARN_CONSTANT_CONVERSION = YES;
				CLANG_WARN_DEPRECATED_OBJC_IMPLEMENTATIONS = YES;
				CLANG_WARN_DIRECT_OBJC_ISA_USAGE = YES_ERROR;
				CLANG_WARN_DOCUMENTATION_COMMENTS = YES;
				CLANG_WARN_EMPTY_BODY = YES;
				CLANG_WARN_ENUM_CONVERSION = YES;
				CLANG_WARN_INFINITE_RECURSION = YES;
				CLANG_WARN_INT_CONVERSION = YES;
				CLANG_WARN_NON_LITERAL_NULL_CONVERSION = YES;
				CLANG_WARN_OBJC_IMPLICIT_RETAIN_SELF = YES;
				CLANG_WARN_OBJC_LITERAL_CONVERSION = YES;
				CLANG_WARN_OBJC_ROOT_CLASS = YES_ERROR;
				CLANG_WARN_RANGE_LOOP_ANALYSIS = YES;
				CLANG_WARN_STRICT_PROTOTYPES = YES;
				CLANG_WARN_SUSPICIOUS_MOVE = YES;
				CLANG_WARN_UNGUARDED_AVAILABILITY = YES_AGGRESSIVE;
				CLANG_WARN_UNREACHABLE_CODE = YES;
				CLANG_WARN__DUPLICATE_METHOD_MATCH = YES;
				CODE_SIGN_IDENTITY = "iPhone Developer";
				COPY_PHASE_STRIP = NO;
				DEBUG_INFORMATION_FORMAT = dwarf;
				ENABLE_STRICT_OBJC_MSGSEND = YES;
				ENABLE_TESTABILITY = YES;
				GCC_C_LANGUAGE_STANDARD = gnu11;
				GCC_DYNAMIC_NO_PIC = NO;
				GCC_NO_COMMON_BLOCKS = YES;
				GCC_OPTIMIZATION_LEVEL = 0;
				GCC_PREPROCESSOR_DEFINITIONS = (
					"DEBUG=1",
					"$(inherited)",
				);
				GCC_WARN_64_TO_32_BIT_CONVERSION = YES;
				GCC_WARN_ABOUT_RETURN_TYPE = YES_ERROR;
				GCC_WARN_UNDECLARED_SELECTOR = YES;
				GCC_WARN_UNINITIALIZED_AUTOS = YES_AGGRESSIVE;
				GCC_WARN_UNUSED_FUNCTION = YES;
				GCC_WARN_UNUSED_VARIABLE = YES;
				IPHONEOS_DEPLOYMENT_TARGET = 11.4;
				MTL_ENABLE_DEBUG_INFO = YES;
				ONLY_ACTIVE_ARCH = YES;
				SDKROOT = iphoneos;
				SWIFT_ACTIVE_COMPILATION_CONDITIONS = DEBUG;
				SWIFT_OPTIMIZATION_LEVEL = "-Onone";
			};
			name = Debug;
		};
		3189FA03214303F600B76FE3 /* Release */ = {
			isa = XCBuildConfiguration;
			buildSettings = {
				ALWAYS_SEARCH_USER_PATHS = NO;
				CLANG_ANALYZER_NONNULL = YES;
				CLANG_ANALYZER_NUMBER_OBJECT_CONVERSION = YES_AGGRESSIVE;
				CLANG_CXX_LANGUAGE_STANDARD = "gnu++14";
				CLANG_CXX_LIBRARY = "libc++";
				CLANG_ENABLE_MODULES = YES;
				CLANG_ENABLE_OBJC_ARC = YES;
				CLANG_ENABLE_OBJC_WEAK = YES;
				CLANG_WARN_BLOCK_CAPTURE_AUTORELEASING = YES;
				CLANG_WARN_BOOL_CONVERSION = YES;
				CLANG_WARN_COMMA = YES;
				CLANG_WARN_CONSTANT_CONVERSION = YES;
				CLANG_WARN_DEPRECATED_OBJC_IMPLEMENTATIONS = YES;
				CLANG_WARN_DIRECT_OBJC_ISA_USAGE = YES_ERROR;
				CLANG_WARN_DOCUMENTATION_COMMENTS = YES;
				CLANG_WARN_EMPTY_BODY = YES;
				CLANG_WARN_ENUM_CONVERSION = YES;
				CLANG_WARN_INFINITE_RECURSION = YES;
				CLANG_WARN_INT_CONVERSION = YES;
				CLANG_WARN_NON_LITERAL_NULL_CONVERSION = YES;
				CLANG_WARN_OBJC_IMPLICIT_RETAIN_SELF = YES;
				CLANG_WARN_OBJC_LITERAL_CONVERSION = YES;
				CLANG_WARN_OBJC_ROOT_CLASS = YES_ERROR;
				CLANG_WARN_RANGE_LOOP_ANALYSIS = YES;
				CLANG_WARN_STRICT_PROTOTYPES = YES;
				CLANG_WARN_SUSPICIOUS_MOVE = YES;
				CLANG_WARN_UNGUARDED_AVAILABILITY = YES_AGGRESSIVE;
				CLANG_WARN_UNREACHABLE_CODE = YES;
				CLANG_WARN__DUPLICATE_METHOD_MATCH = YES;
				CODE_SIGN_IDENTITY = "iPhone Developer";
				COPY_PHASE_STRIP = NO;
				DEBUG_INFORMATION_FORMAT = "dwarf-with-dsym";
				ENABLE_NS_ASSERTIONS = NO;
				ENABLE_STRICT_OBJC_MSGSEND = YES;
				GCC_C_LANGUAGE_STANDARD = gnu11;
				GCC_NO_COMMON_BLOCKS = YES;
				GCC_WARN_64_TO_32_BIT_CONVERSION = YES;
				GCC_WARN_ABOUT_RETURN_TYPE = YES_ERROR;
				GCC_WARN_UNDECLARED_SELECTOR = YES;
				GCC_WARN_UNINITIALIZED_AUTOS = YES_AGGRESSIVE;
				GCC_WARN_UNUSED_FUNCTION = YES;
				GCC_WARN_UNUSED_VARIABLE = YES;
				IPHONEOS_DEPLOYMENT_TARGET = 11.4;
				MTL_ENABLE_DEBUG_INFO = NO;
				SDKROOT = iphoneos;
				SWIFT_COMPILATION_MODE = wholemodule;
				SWIFT_OPTIMIZATION_LEVEL = "-O";
				VALIDATE_PRODUCT = YES;
			};
			name = Release;
		};
		3189FA05214303F600B76FE3 /* Debug */ = {
			isa = XCBuildConfiguration;
			buildSettings = {
				ASSETCATALOG_COMPILER_APPICON_NAME = AppIcon;
				CODE_SIGN_STYLE = Automatic;
				INFOPLIST_FILE = gethub/Info.plist;
				LD_RUNPATH_SEARCH_PATHS = (
					"$(inherited)",
					"@executable_path/Frameworks",
				);
				PRODUCT_BUNDLE_IDENTIFIER = "com.Rich-I-Am.gethub";
				PRODUCT_NAME = "$(TARGET_NAME)";
				SWIFT_VERSION = 4.0;
				TARGETED_DEVICE_FAMILY = "1,2";
			};
			name = Debug;
		};
		3189FA06214303F600B76FE3 /* Release */ = {
			isa = XCBuildConfiguration;
			buildSettings = {
				ASSETCATALOG_COMPILER_APPICON_NAME = AppIcon;
				CODE_SIGN_STYLE = Automatic;
				INFOPLIST_FILE = gethub/Info.plist;
				LD_RUNPATH_SEARCH_PATHS = (
					"$(inherited)",
					"@executable_path/Frameworks",
				);
				PRODUCT_BUNDLE_IDENTIFIER = "com.Rich-I-Am.gethub";
				PRODUCT_NAME = "$(TARGET_NAME)";
				SWIFT_VERSION = 4.0;
				TARGETED_DEVICE_FAMILY = "1,2";
			};
			name = Release;
		};
/* End XCBuildConfiguration section */

/* Begin XCConfigurationList section */
		3189F9ED214303F400B76FE3 /* Build configuration list for PBXProject "gethub" */ = {
			isa = XCConfigurationList;
			buildConfigurations = (
				3189FA02214303F600B76FE3 /* Debug */,
				3189FA03214303F600B76FE3 /* Release */,
			);
			defaultConfigurationIsVisible = 0;
			defaultConfigurationName = Release;
		};
		3189FA04214303F600B76FE3 /* Build configuration list for PBXNativeTarget "gethub" */ = {
			isa = XCConfigurationList;
			buildConfigurations = (
				3189FA05214303F600B76FE3 /* Debug */,
				3189FA06214303F600B76FE3 /* Release */,
			);
			defaultConfigurationIsVisible = 0;
			defaultConfigurationName = Release;
		};
/* End XCConfigurationList section */
	};
	rootObject = 3189F9EA214303F400B76FE3 /* Project object */;
}
